version = 1
revision = 3
requires-python = ">=3.7"

[[package]]
name = "pyvmomi"
version = "9.0.0.0"
source = { registry = "https://pypi.org/simple" }
wheels = [
    { url = "https://files.pythonhosted.org/packages/4d/e4/fbb539220f9d7647bf92543401f1b443cd43b25354237291e64618da3e4a/pyvmomi-9.0.0.0-py3-none-any.whl", hash = "sha256:7812642a62b6ce2b439d7e4856d27101ad102734bce41daf77bedfb3e2d9cbf2", size = 1993709, upload-time = "2025-06-17T16:54:05.865Z" },
]

[[package]]
name = "send-keys-to-vm"
source = { editable = "." }
dependencies = [
    { name = "pyvmomi" },
]

[package.metadata]
requires-dist = [{ name = "pyvmomi", specifier = ">=6.5" }]
